
Microsoft Visual Studio Solution File, Format Version 12.00
# Visual Studio 2012
Project("{FAE04EC0-301F-11D3-BF4B-00C04F79EFBC}") = "spaceinvoices-dotnet", "si-api-net-sdk\spaceinvoices-dotnet.csproj", "{76E038F7-9F0C-46F6-B1F2-E69F9F4D43CA}"
EndProject
Project("{FAE04EC0-301F-11D3-BF4B-00C04F79EFBC}") = "si-api-net-sdk.Test", "si-api-net-sdk.Test\si-api-net-sdk.Test.csproj", "{3AD469CB-30B8-440F-934D-48ECC3AEFF21}"
EndProject
Global
	GlobalSection(SolutionConfigurationPlatforms) = preSolution
		Debug|Any CPU = Debug|Any CPU
		Release|Any CPU = Release|Any CPU
	EndGlobalSection
	GlobalSection(ProjectConfigurationPlatforms) = postSolution
		{76E038F7-9F0C-46F6-B1F2-E69F9F4D43CA}.Debug|Any CPU.ActiveCfg = Debug|Any CPU
		{76E038F7-9F0C-46F6-B1F2-E69F9F4D43CA}.Debug|Any CPU.Build.0 = Debug|Any CPU
		{76E038F7-9F0C-46F6-B1F2-E69F9F4D43CA}.Release|Any CPU.ActiveCfg = Release|Any CPU
		{76E038F7-9F0C-46F6-B1F2-E69F9F4D43CA}.Release|Any CPU.Build.0 = Release|Any CPU
		{3AD469CB-30B8-440F-934D-48ECC3AEFF21}.Debug|Any CPU.ActiveCfg = Debug|Any CPU
		{3AD469CB-30B8-440F-934D-48ECC3AEFF21}.Debug|Any CPU.Build.0 = Debug|Any CPU
		{3AD469CB-30B8-440F-934D-48ECC3AEFF21}.Release|Any CPU.ActiveCfg = Release|Any CPU
		{3AD469CB-30B8-440F-934D-48ECC3AEFF21}.Release|Any CPU.Build.0 = Release|Any CPU
	EndGlobalSection
	GlobalSection(MonoDevelopProperties) = preSolution
		description = The Space Invoices SDK provides an easy way to access Space Invoices API from application written in .NET Standard 1.1+, .NET Core 1.0+, and .NET Framework 4.5+
	EndGlobalSection
EndGlobal
